// !$*UTF8*$!
{
	archiveVersion = 1;
	classes = {
	};
	objectVersion = 50;
	objects = {

/* Begin PBXBuildFile section */
		1BC7E782225528A1007AA782 /* AppDelegate.swift in Sources */ = {isa = PBXBuildFile; fileRef = 1BC7E781225528A1007AA782 /* AppDelegate.swift */; };
		1BC7E784225528A1007AA782 /* ViewController.swift in Sources */ = {isa = PBXBuildFile; fileRef = 1BC7E783225528A1007AA782 /* ViewController.swift */; };
		1BC7E787225528A1007AA782 /* Main.storyboard in Resources */ = {isa = PBXBuildFile; fileRef = 1BC7E785225528A1007AA782 /* Main.storyboard */; };
		1BC7E789225528A2007AA782 /* Assets.xcassets in Resources */ = {isa = PBXBuildFile; fileRef = 1BC7E788225528A2007AA782 /* Assets.xcassets */; };
		1BC7E78C225528A2007AA782 /* LaunchScreen.storyboard in Resources */ = {isa = PBXBuildFile; fileRef = 1BC7E78A225528A2007AA782 /* LaunchScreen.storyboard */; };
		1BC7E797225528A2007AA782 /* ProjectTests.swift in Sources */ = {isa = PBXBuildFile; fileRef = 1BC7E796225528A2007AA782 /* ProjectTests.swift */; };
		1BC7E7A2225528A2007AA782 /* ProjectUITests.swift in Sources */ = {isa = PBXBuildFile; fileRef = 1BC7E7A1225528A2007AA782 /* ProjectUITests.swift */; };
/* End PBXBuildFile section */

/* Begin PBXContainerItemProxy section */
		1BC7E793225528A2007AA782 /* PBXContainerItemProxy */ = {
			isa = PBXContainerItemProxy;
			containerPortal = 1BC7E776225528A1007AA782 /* Project object */;
			proxyType = 1;
			remoteGlobalIDString = 1BC7E77D225528A1007AA782;
			remoteInfo = Project;
		};
		1BC7E79E225528A2007AA782 /* PBXContainerItemProxy */ = {
			isa = PBXContainerItemProxy;
			containerPortal = 1BC7E776225528A1007AA782 /* Project object */;
			proxyType = 1;
			remoteGlobalIDString = 1BC7E77D225528A1007AA782;
			remoteInfo = Project;
		};
/* End PBXContainerItemProxy section */

/* Begin PBXFileReference section */
		1BC7E77E225528A1007AA782 /* Project.app */ = {isa = PBXFileReference; explicitFileType = wrapper.application; includeInIndex = 0; path = Project.app; sourceTree = BUILT_PRODUCTS_DIR; };
		1BC7E781225528A1007AA782 /* AppDelegate.swift */ = {isa = PBXFileReference; lastKnownFileType = sourcecode.swift; path = AppDelegate.swift; sourceTree = "<group>"; };
		1BC7E783225528A1007AA782 /* ViewController.swift */ = {isa = PBXFileReference; lastKnownFileType = sourcecode.swift; path = ViewController.swift; sourceTree = "<group>"; };
		1BC7E786225528A1007AA782 /* Base */ = {isa = PBXFileReference; lastKnownFileType = file.storyboard; name = Base; path = Base.lproj/Main.storyboard; sourceTree = "<group>"; };
		1BC7E788225528A2007AA782 /* Assets.xcassets */ = {isa = PBXFileReference; lastKnownFileType = folder.assetcatalog; path = Assets.xcassets; sourceTree = "<group>"; };
		1BC7E78B225528A2007AA782 /* Base */ = {isa = PBXFileReference; lastKnownFileType = file.storyboard; name = Base; path = Base.lproj/LaunchScreen.storyboard; sourceTree = "<group>"; };
		1BC7E78D225528A2007AA782 /* Info.plist */ = {isa = PBXFileReference; lastKnownFileType = text.plist.xml; path = Info.plist; sourceTree = "<group>"; };
		1BC7E792225528A2007AA782 /* ProjectTests.xctest */ = {isa = PBXFileReference; explicitFileType = wrapper.cfbundle; includeInIndex = 0; path = ProjectTests.xctest; sourceTree = BUILT_PRODUCTS_DIR; };
		1BC7E796225528A2007AA782 /* ProjectTests.swift */ = {isa = PBXFileReference; lastKnownFileType = sourcecode.swift; path = ProjectTests.swift; sourceTree = "<group>"; };
		1BC7E798225528A2007AA782 /* Info.plist */ = {isa = PBXFileReference; lastKnownFileType = text.plist.xml; path = Info.plist; sourceTree = "<group>"; };
		1BC7E79D225528A2007AA782 /* ProjectUITests.xctest */ = {isa = PBXFileReference; explicitFileType = wrapper.cfbundle; includeInIndex = 0; path = ProjectUITests.xctest; sourceTree = BUILT_PRODUCTS_DIR; };
		1BC7E7A1225528A2007AA782 /* ProjectUITests.swift */ = {isa = PBXFileReference; lastKnownFileType = sourcecode.swift; path = ProjectUITests.swift; sourceTree = "<group>"; };
		1BC7E7A3225528A2007AA782 /* Info.plist */ = {isa = PBXFileReference; lastKnownFileType = text.plist.xml; path = Info.plist; sourceTree = "<group>"; };
/* End PBXFileReference section */

/* Begin PBXFrameworksBuildPhase section */
		1BC7E77B225528A1007AA782 /* Frameworks */ = {
			isa = PBXFrameworksBuildPhase;
			buildActionMask = 2147483647;
			files = (
			);
			runOnlyForDeploymentPostprocessing = 0;
		};
		1BC7E78F225528A2007AA782 /* Frameworks */ = {
			isa = PBXFrameworksBuildPhase;
			buildActionMask = 2147483647;
			files = (
			);
			runOnlyForDeploymentPostprocessing = 0;
		};
		1BC7E79A225528A2007AA782 /* Frameworks */ = {
			isa = PBXFrameworksBuildPhase;
			buildActionMask = 2147483647;
			files = (
			);
			runOnlyForDeploymentPostprocessing = 0;
		};
/* End PBXFrameworksBuildPhase section */

/* Begin PBXGroup section */
		1BC7E775225528A1007AA782 = {
			isa = PBXGroup;
			children = (
				1BC7E780225528A1007AA782 /* Project */,
				1BC7E795225528A2007AA782 /* ProjectTests */,
				1BC7E7A0225528A2007AA782 /* ProjectUITests */,
				1BC7E77F225528A1007AA782 /* Products */,
			);
			sourceTree = "<group>";
		};
		1BC7E77F225528A1007AA782 /* Products */ = {
			isa = PBXGroup;
			children = (
				1BC7E77E225528A1007AA782 /* Project.app */,
				1BC7E792225528A2007AA782 /* ProjectTests.xctest */,
				1BC7E79D225528A2007AA782 /* ProjectUITests.xctest */,
			);
			name = Products;
			sourceTree = "<group>";
		};
		1BC7E780225528A1007AA782 /* Project */ = {
			isa = PBXGroup;
			children = (
				1BC7E781225528A1007AA782 /* AppDelegate.swift */,
				1BC7E783225528A1007AA782 /* ViewController.swift */,
				1BC7E785225528A1007AA782 /* Main.storyboard */,
				1BC7E788225528A2007AA782 /* Assets.xcassets */,
				1BC7E78A225528A2007AA782 /* LaunchScreen.storyboard */,
				1BC7E78D225528A2007AA782 /* Info.plist */,
			);
			path = Project;
			sourceTree = "<group>";
		};
		1BC7E795225528A2007AA782 /* ProjectTests */ = {
			isa = PBXGroup;
			children = (
				1BC7E796225528A2007AA782 /* ProjectTests.swift */,
				1BC7E798225528A2007AA782 /* Info.plist */,
			);
			path = ProjectTests;
			sourceTree = "<group>";
		};
		1BC7E7A0225528A2007AA782 /* ProjectUITests */ = {
			isa = PBXGroup;
			children = (
				1BC7E7A1225528A2007AA782 /* ProjectUITests.swift */,
				1BC7E7A3225528A2007AA782 /* Info.plist */,
			);
			path = ProjectUITests;
			sourceTree = "<group>";
		};
/* End PBXGroup section */

/* Begin PBXNativeTarget section */
		1BC7E77D225528A1007AA782 /* Project */ = {
			isa = PBXNativeTarget;
			buildConfigurationList = 1BC7E7A6225528A2007AA782 /* Build configuration list for PBXNativeTarget "Project" */;
			buildPhases = (
				1BC7E77A225528A1007AA782 /* Sources */,
				1BC7E77B225528A1007AA782 /* Frameworks */,
				1BC7E77C225528A1007AA782 /* Resources */,
			);
			buildRules = (
			);
			dependencies = (
			);
			name = Project;
			productName = Project;
			productReference = 1BC7E77E225528A1007AA782 /* Project.app */;
			productType = "com.apple.product-type.application";
		};
		1BC7E791225528A2007AA782 /* ProjectTests */ = {
			isa = PBXNativeTarget;
			buildConfigurationList = 1BC7E7A9225528A2007AA782 /* Build configuration list for PBXNativeTarget "ProjectTests" */;
			buildPhases = (
				1BC7E78E225528A2007AA782 /* Sources */,
				1BC7E78F225528A2007AA782 /* Frameworks */,
				1BC7E790225528A2007AA782 /* Resources */,
			);
			buildRules = (
			);
			dependencies = (
				1BC7E794225528A2007AA782 /* PBXTargetDependency */,
			);
			name = ProjectTests;
			productName = ProjectTests;
			productReference = 1BC7E792225528A2007AA782 /* ProjectTests.xctest */;
			productType = "com.apple.product-type.bundle.unit-test";
		};
		1BC7E79C225528A2007AA782 /* ProjectUITests */ = {
			isa = PBXNativeTarget;
			buildConfigurationList = 1BC7E7AC225528A2007AA782 /* Build configuration list for PBXNativeTarget "ProjectUITests" */;
			buildPhases = (
				1BC7E799225528A2007AA782 /* Sources */,
				1BC7E79A225528A2007AA782 /* Frameworks */,
				1BC7E79B225528A2007AA782 /* Resources */,
			);
			buildRules = (
			);
			dependencies = (
				1BC7E79F225528A2007AA782 /* PBXTargetDependency */,
			);
			name = ProjectUITests;
			productName = ProjectUITests;
			productReference = 1BC7E79D225528A2007AA782 /* ProjectUITests.xctest */;
			productType = "com.apple.product-type.bundle.ui-testing";
		};
/* End PBXNativeTarget section */

/* Begin PBXProject section */
		1BC7E776225528A1007AA782 /* Project object */ = {
			isa = PBXProject;
			attributes = {
				LastSwiftUpdateCheck = 1010;
				LastUpgradeCheck = 1010;
				ORGANIZATIONNAME = "Fernando Cuellar";
				TargetAttributes = {
					1BC7E77D225528A1007AA782 = {
						CreatedOnToolsVersion = 10.1;
					};
					1BC7E791225528A2007AA782 = {
						CreatedOnToolsVersion = 10.1;
						TestTargetID = 1BC7E77D225528A1007AA782;
					};
					1BC7E79C225528A2007AA782 = {
						CreatedOnToolsVersion = 10.1;
						TestTargetID = 1BC7E77D225528A1007AA782;
					};
				};
			};
			buildConfigurationList = 1BC7E779225528A1007AA782 /* Build configuration list for PBXProject "Project" */;
			compatibilityVersion = "Xcode 9.3";
			developmentRegion = en;
			hasScannedForEncodings = 0;
			knownRegions = (
				en,
				Base,
			);
			mainGroup = 1BC7E775225528A1007AA782;
			productRefGroup = 1BC7E77F225528A1007AA782 /* Products */;
			projectDirPath = "";
			projectRoot = "";
			targets = (
				1BC7E77D225528A1007AA782 /* Project */,
				1BC7E791225528A2007AA782 /* ProjectTests */,
				1BC7E79C225528A2007AA782 /* ProjectUITests */,
			);
		};
/* End PBXProject section */

/* Begin PBXResourcesBuildPhase section */
		1BC7E77C225528A1007AA782 /* Resources */ = {
			isa = PBXResourcesBuildPhase;
			buildActionMask = 2147483647;
			files = (
				1BC7E78C225528A2007AA782 /* LaunchScreen.storyboard in Resources */,
				1BC7E789225528A2007AA782 /* Assets.xcassets in Resources */,
				1BC7E787225528A1007AA782 /* Main.storyboard in Resources */,
			);
			runOnlyForDeploymentPostprocessing = 0;
		};
		1BC7E790225528A2007AA782 /* Resources */ = {
			isa = PBXResourcesBuildPhase;
			buildActionMask = 2147483647;
			files = (
			);
			runOnlyForDeploymentPostprocessing = 0;
		};
		1BC7E79B225528A2007AA782 /* Resources */ = {
			isa = PBXResourcesBuildPhase;
			buildActionMask = 2147483647;
			files = (
			);
			runOnlyForDeploymentPostprocessing = 0;
		};
/* End PBXResourcesBuildPhase section */

/* Begin PBXSourcesBuildPhase section */
		1BC7E77A225528A1007AA782 /* Sources */ = {
			isa = PBXSourcesBuildPhase;
			buildActionMask = 2147483647;
			files = (
				1BC7E784225528A1007AA782 /* ViewController.swift in Sources */,
				1BC7E782225528A1007AA782 /* AppDelegate.swift in Sources */,
			);
			runOnlyForDeploymentPostprocessing = 0;
		};
		1BC7E78E225528A2007AA782 /* Sources */ = {
			isa = PBXSourcesBuildPhase;
			buildActionMask = 2147483647;
			files = (
				1BC7E797225528A2007AA782 /* ProjectTests.swift in Sources */,
			);
			runOnlyForDeploymentPostprocessing = 0;
		};
		1BC7E799225528A2007AA782 /* Sources */ = {
			isa = PBXSourcesBuildPhase;
			buildActionMask = 2147483647;
			files = (
				1BC7E7A2225528A2007AA782 /* ProjectUITests.swift in Sources */,
			);
			runOnlyForDeploymentPostprocessing = 0;
		};
/* End PBXSourcesBuildPhase section */

/* Begin PBXTargetDependency section */
		1BC7E794225528A2007AA782 /* PBXTargetDependency */ = {
			isa = PBXTargetDependency;
			target = 1BC7E77D225528A1007AA782 /* Project */;
			targetProxy = 1BC7E793225528A2007AA782 /* PBXContainerItemProxy */;
		};
		1BC7E79F225528A2007AA782 /* PBXTargetDependency */ = {
			isa = PBXTargetDependency;
			target = 1BC7E77D225528A1007AA782 /* Project */;
			targetProxy = 1BC7E79E225528A2007AA782 /* PBXContainerItemProxy */;
		};
/* End PBXTargetDependency section */

/* Begin PBXVariantGroup section */
		1BC7E785225528A1007AA782 /* Main.storyboard */ = {
			isa = PBXVariantGroup;
			children = (
				1BC7E786225528A1007AA782 /* Base */,
			);
			name = Main.storyboard;
			sourceTree = "<group>";
		};
		1BC7E78A225528A2007AA782 /* LaunchScreen.storyboard */ = {
			isa = PBXVariantGroup;
			children = (
				1BC7E78B225528A2007AA782 /* Base */,
			);
			name = LaunchScreen.storyboard;
			sourceTree = "<group>";
		};
/* End PBXVariantGroup section */

/* Begin XCBuildConfiguration section */
		1BC7E7A4225528A2007AA782 /* Debug */ = {
			isa = XCBuildConfiguration;
			buildSettings = {
				ALWAYS_SEARCH_USER_PATHS = NO;
				CLANG_ANALYZER_NONNULL = YES;
				CLANG_ANALYZER_NUMBER_OBJECT_CONVERSION = YES_AGGRESSIVE;
				CLANG_CXX_LANGUAGE_STANDARD = "gnu++14";
				CLANG_CXX_LIBRARY = "libc++";
				CLANG_ENABLE_MODULES = YES;
				CLANG_ENABLE_OBJC_ARC = YES;
				CLANG_ENABLE_OBJC_WEAK = YES;
				CLANG_WARN_BLOCK_CAPTURE_AUTORELEASING = YES;
				CLANG_WARN_BOOL_CONVERSION = YES;
				CLANG_WARN_COMMA = YES;
				CLANG_WARN_CONSTANT_CONVERSION = YES;
				CLANG_WARN_DEPRECATED_OBJC_IMPLEMENTATIONS = YES;
				CLANG_WARN_DIRECT_OBJC_ISA_USAGE = YES_ERROR;
				CLANG_WARN_DOCUMENTATION_COMMENTS = YES;
				CLANG_WARN_EMPTY_BODY = YES;
				CLANG_WARN_ENUM_CONVERSION = YES;
				CLANG_WARN_INFINITE_RECURSION = YES;
				CLANG_WARN_INT_CONVERSION = YES;
				CLANG_WARN_NON_LITERAL_NULL_CONVERSION = YES;
				CLANG_WARN_OBJC_IMPLICIT_RETAIN_SELF = YES;
				CLANG_WARN_OBJC_LITERAL_CONVERSION = YES;
				CLANG_WARN_OBJC_ROOT_CLASS = YES_ERROR;
				CLANG_WARN_RANGE_LOOP_ANALYSIS = YES;
				CLANG_WARN_STRICT_PROTOTYPES = YES;
				CLANG_WARN_SUSPICIOUS_MOVE = YES;
				CLANG_WARN_UNGUARDED_AVAILABILITY = YES_AGGRESSIVE;
				CLANG_WARN_UNREACHABLE_CODE = YES;
				CLANG_WARN__DUPLICATE_METHOD_MATCH = YES;
				CODE_SIGN_IDENTITY = "iPhone Developer";
				COPY_PHASE_STRIP = NO;
				DEBUG_INFORMATION_FORMAT = dwarf;
				ENABLE_STRICT_OBJC_MSGSEND = YES;
				ENABLE_TESTABILITY = YES;
				GCC_C_LANGUAGE_STANDARD = gnu11;
				GCC_DYNAMIC_NO_PIC = NO;
				GCC_NO_COMMON_BLOCKS = YES;
				GCC_OPTIMIZATION_LEVEL = 0;
				GCC_PREPROCESSOR_DEFINITIONS = (
					"DEBUG=1",
					"$(inherited)",
				);
				GCC_WARN_64_TO_32_BIT_CONVERSION = YES;
				GCC_WARN_ABOUT_RETURN_TYPE = YES_ERROR;
				GCC_WARN_UNDECLARED_SELECTOR = YES;
				GCC_WARN_UNINITIALIZED_AUTOS = YES_AGGRESSIVE;
				GCC_WARN_UNUSED_FUNCTION = YES;
				GCC_WARN_UNUSED_VARIABLE = YES;
				IPHONEOS_DEPLOYMENT_TARGET = 12.1;
				MTL_ENABLE_DEBUG_INFO = INCLUDE_SOURCE;
				MTL_FAST_MATH = YES;
				ONLY_ACTIVE_ARCH = YES;
				SDKROOT = iphoneos;
				SWIFT_ACTIVE_COMPILATION_CONDITIONS = DEBUG;
				SWIFT_OPTIMIZATION_LEVEL = "-Onone";
			};
			name = Debug;
		};
		1BC7E7A5225528A2007AA782 /* Release */ = {
			isa = XCBuildConfiguration;
			buildSettings = {
				ALWAYS_SEARCH_USER_PATHS = NO;
				CLANG_ANALYZER_NONNULL = YES;
				CLANG_ANALYZER_NUMBER_OBJECT_CONVERSION = YES_AGGRESSIVE;
				CLANG_CXX_LANGUAGE_STANDARD = "gnu++14";
				CLANG_CXX_LIBRARY = "libc++";
				CLANG_ENABLE_MODULES = YES;
				CLANG_ENABLE_OBJC_ARC = YES;
				CLANG_ENABLE_OBJC_WEAK = YES;
				CLANG_WARN_BLOCK_CAPTURE_AUTORELEASING = YES;
				CLANG_WARN_BOOL_CONVERSION = YES;
				CLANG_WARN_COMMA = YES;
				CLANG_WARN_CONSTANT_CONVERSION = YES;
				CLANG_WARN_DEPRECATED_OBJC_IMPLEMENTATIONS = YES;
				CLANG_WARN_DIRECT_OBJC_ISA_USAGE = YES_ERROR;
				CLANG_WARN_DOCUMENTATION_COMMENTS = YES;
				CLANG_WARN_EMPTY_BODY = YES;
				CLANG_WARN_ENUM_CONVERSION = YES;
				CLANG_WARN_INFINITE_RECURSION = YES;
				CLANG_WARN_INT_CONVERSION = YES;
				CLANG_WARN_NON_LITERAL_NULL_CONVERSION = YES;
				CLANG_WARN_OBJC_IMPLICIT_RETAIN_SELF = YES;
				CLANG_WARN_OBJC_LITERAL_CONVERSION = YES;
				CLANG_WARN_OBJC_ROOT_CLASS = YES_ERROR;
				CLANG_WARN_RANGE_LOOP_ANALYSIS = YES;
				CLANG_WARN_STRICT_PROTOTYPES = YES;
				CLANG_WARN_SUSPICIOUS_MOVE = YES;
				CLANG_WARN_UNGUARDED_AVAILABILITY = YES_AGGRESSIVE;
				CLANG_WARN_UNREACHABLE_CODE = YES;
				CLANG_WARN__DUPLICATE_METHOD_MATCH = YES;
				CODE_SIGN_IDENTITY = "iPhone Developer";
				COPY_PHASE_STRIP = NO;
				DEBUG_INFORMATION_FORMAT = "dwarf-with-dsym";
				ENABLE_NS_ASSERTIONS = NO;
				ENABLE_STRICT_OBJC_MSGSEND = YES;
				GCC_C_LANGUAGE_STANDARD = gnu11;
				GCC_NO_COMMON_BLOCKS = YES;
				GCC_WARN_64_TO_32_BIT_CONVERSION = YES;
				GCC_WARN_ABOUT_RETURN_TYPE = YES_ERROR;
				GCC_WARN_UNDECLARED_SELECTOR = YES;
				GCC_WARN_UNINITIALIZED_AUTOS = YES_AGGRESSIVE;
				GCC_WARN_UNUSED_FUNCTION = YES;
				GCC_WARN_UNUSED_VARIABLE = YES;
				IPHONEOS_DEPLOYMENT_TARGET = 12.1;
				MTL_ENABLE_DEBUG_INFO = NO;
				MTL_FAST_MATH = YES;
				SDKROOT = iphoneos;
				SWIFT_COMPILATION_MODE = wholemodule;
				SWIFT_OPTIMIZATION_LEVEL = "-O";
				VALIDATE_PRODUCT = YES;
			};
			name = Release;
		};
		1BC7E7A7225528A2007AA782 /* Debug */ = {
			isa = XCBuildConfiguration;
			buildSettings = {
				ASSETCATALOG_COMPILER_APPICON_NAME = AppIcon;
				CODE_SIGN_STYLE = Automatic;
				INFOPLIST_FILE = Project/Info.plist;
				LD_RUNPATH_SEARCH_PATHS = (
					"$(inherited)",
					"@executable_path/Frameworks",
				);
				PRODUCT_BUNDLE_IDENTIFIER = none.Project;
				PRODUCT_NAME = "$(TARGET_NAME)";
				SWIFT_VERSION = 4.2;
				TARGETED_DEVICE_FAMILY = "1,2";
			};
			name = Debug;
		};
		1BC7E7A8225528A2007AA782 /* Release */ = {
			isa = XCBuildConfiguration;
			buildSettings = {
				ASSETCATALOG_COMPILER_APPICON_NAME = AppIcon;
				CODE_SIGN_STYLE = Automatic;
				INFOPLIST_FILE = Project/Info.plist;
				LD_RUNPATH_SEARCH_PATHS = (
					"$(inherited)",
					"@executable_path/Frameworks",
				);
				PRODUCT_BUNDLE_IDENTIFIER = none.Project;
				PRODUCT_NAME = "$(TARGET_NAME)";
				SWIFT_VERSION = 4.2;
				TARGETED_DEVICE_FAMILY = "1,2";
			};
			name = Release;
		};
		1BC7E7AA225528A2007AA782 /* Debug */ = {
			isa = XCBuildConfiguration;
			buildSettings = {
				ALWAYS_EMBED_SWIFT_STANDARD_LIBRARIES = YES;
				BUNDLE_LOADER = "$(TEST_HOST)";
				CODE_SIGN_STYLE = Automatic;
				INFOPLIST_FILE = ProjectTests/Info.plist;
				LD_RUNPATH_SEARCH_PATHS = (
					"$(inherited)",
					"@executable_path/Frameworks",
					"@loader_path/Frameworks",
				);
				PRODUCT_BUNDLE_IDENTIFIER = none.ProjectTests;
				PRODUCT_NAME = "$(TARGET_NAME)";
				SWIFT_VERSION = 4.2;
				TARGETED_DEVICE_FAMILY = "1,2";
				TEST_HOST = "$(BUILT_PRODUCTS_DIR)/Project.app/Project";
			};
			name = Debug;
		};
		1BC7E7AB225528A2007AA782 /* Release */ = {
			isa = XCBuildConfiguration;
			buildSettings = {
				ALWAYS_EMBED_SWIFT_STANDARD_LIBRARIES = YES;
				BUNDLE_LOADER = "$(TEST_HOST)";
				CODE_SIGN_STYLE = Automatic;
				INFOPLIST_FILE = ProjectTests/Info.plist;
				LD_RUNPATH_SEARCH_PATHS = (
					"$(inherited)",
					"@executable_path/Frameworks",
					"@loader_path/Frameworks",
				);
				PRODUCT_BUNDLE_IDENTIFIER = none.ProjectTests;
				PRODUCT_NAME = "$(TARGET_NAME)";
				SWIFT_VERSION = 4.2;
				TARGETED_DEVICE_FAMILY = "1,2";
				TEST_HOST = "$(BUILT_PRODUCTS_DIR)/Project.app/Project";
			};
			name = Release;
		};
		1BC7E7AD225528A2007AA782 /* Debug */ = {
			isa = XCBuildConfiguration;
			buildSettings = {
				ALWAYS_EMBED_SWIFT_STANDARD_LIBRARIES = YES;
				CODE_SIGN_STYLE = Automatic;
				INFOPLIST_FILE = ProjectUITests/Info.plist;
				LD_RUNPATH_SEARCH_PATHS = (
					"$(inherited)",
					"@executable_path/Frameworks",
					"@loader_path/Frameworks",
				);
				PRODUCT_BUNDLE_IDENTIFIER = none.ProjectUITests;
				PRODUCT_NAME = "$(TARGET_NAME)";
				SWIFT_VERSION = 4.2;
				TARGETED_DEVICE_FAMILY = "1,2";
				TEST_TARGET_NAME = Project;
			};
			name = Debug;
		};
		1BC7E7AE225528A2007AA782 /* Release */ = {
			isa = XCBuildConfiguration;
			buildSettings = {
				ALWAYS_EMBED_SWIFT_STANDARD_LIBRARIES = YES;
				CODE_SIGN_STYLE = Automatic;
				INFOPLIST_FILE = ProjectUITests/Info.plist;
				LD_RUNPATH_SEARCH_PATHS = (
					"$(inherited)",
					"@executable_path/Frameworks",
					"@loader_path/Frameworks",
				);
				PRODUCT_BUNDLE_IDENTIFIER = none.ProjectUITests;
				PRODUCT_NAME = "$(TARGET_NAME)";
				SWIFT_VERSION = 4.2;
				TARGETED_DEVICE_FAMILY = "1,2";
				TEST_TARGET_NAME = Project;
			};
			name = Release;
		};
/* End XCBuildConfiguration section */

/* Begin XCConfigurationList section */
		1BC7E779225528A1007AA782 /* Build configuration list for PBXProject "Project" */ = {
			isa = XCConfigurationList;
			buildConfigurations = (
				1BC7E7A4225528A2007AA782 /* Debug */,
				1BC7E7A5225528A2007AA782 /* Release */,
			);
			defaultConfigurationIsVisible = 0;
			defaultConfigurationName = Release;
		};
		1BC7E7A6225528A2007AA782 /* Build configuration list for PBXNativeTarget "Project" */ = {
			isa = XCConfigurationList;
			buildConfigurations = (
				1BC7E7A7225528A2007AA782 /* Debug */,
				1BC7E7A8225528A2007AA782 /* Release */,
			);
			defaultConfigurationIsVisible = 0;
			defaultConfigurationName = Release;
		};
		1BC7E7A9225528A2007AA782 /* Build configuration list for PBXNativeTarget "ProjectTests" */ = {
			isa = XCConfigurationList;
			buildConfigurations = (
				1BC7E7AA225528A2007AA782 /* Debug */,
				1BC7E7AB225528A2007AA782 /* Release */,
			);
			defaultConfigurationIsVisible = 0;
			defaultConfigurationName = Release;
		};
		1BC7E7AC225528A2007AA782 /* Build configuration list for PBXNativeTarget "ProjectUITests" */ = {
			isa = XCConfigurationList;
			buildConfigurations = (
				1BC7E7AD225528A2007AA782 /* Debug */,
				1BC7E7AE225528A2007AA782 /* Release */,
			);
			defaultConfigurationIsVisible = 0;
			defaultConfigurationName = Release;
		};
/* End XCConfigurationList section */
	};
	rootObject = 1BC7E776225528A1007AA782 /* Project object */;
}
